
Microsoft Visual Studio Solution File, Format Version 12.00
Project("{FAE04EC0-301F-11D3-BF4B-00C04F79EFBC}") = "SimpleConfigAccess", "SimpleConfigAccess\SimpleConfigAccess.csproj", "{F6BE00A7-7C33-4453-8576-8F4B117D2858}"
EndProject
Global
	GlobalSection(SolutionConfigurationPlatforms) = preSolution
		Debug|Any CPU = Debug|Any CPU
		Release|Any CPU = Release|Any CPU
	EndGlobalSection
	GlobalSection(ProjectConfigurationPlatforms) = postSolution
		{F6BE00A7-7C33-4453-8576-8F4B117D2858}.Debug|Any CPU.ActiveCfg = Debug|Any CPU
		{F6BE00A7-7C33-4453-8576-8F4B117D2858}.Debug|Any CPU.Build.0 = Debug|Any CPU
		{F6BE00A7-7C33-4453-8576-8F4B117D2858}.Release|Any CPU.ActiveCfg = Release|Any CPU
		{F6BE00A7-7C33-4453-8576-8F4B117D2858}.Release|Any CPU.Build.0 = Release|Any CPU
	EndGlobalSection
EndGlobal
